<Project xmlns="http://schemas.microsoft.com/developer/msbuild/2003">
    <PropertyGroup>
        <ProjectGuid>{C9AED7D5-6DF4-480C-BBE2-2B258A3B2854}</ProjectGuid>
        <ProjectVersion>16.1</ProjectVersion>
        <FrameworkType>VCL</FrameworkType>
        <MainSource>SSDTools.dpr</MainSource>
        <Base>True</Base>
        <Config Condition="'$(Config)'==''">Debug</Config>
        <Platform Condition="'$(Platform)'==''">Win32</Platform>
        <TargetedPlatforms>3</TargetedPlatforms>
        <AppType>Application</AppType>
    </PropertyGroup>
    <PropertyGroup Condition="'$(Config)'=='Base' or '$(Base)'!=''">
        <Base>true</Base>
    </PropertyGroup>
    <PropertyGroup Condition="('$(Platform)'=='Win32' and '$(Base)'=='true') or '$(Base_Win32)'!=''">
        <Base_Win32>true</Base_Win32>
        <CfgParent>Base</CfgParent>
        <Base>true</Base>
    </PropertyGroup>
    <PropertyGroup Condition="('$(Platform)'=='Win64' and '$(Base)'=='true') or '$(Base_Win64)'!=''">
        <Base_Win64>true</Base_Win64>
        <CfgParent>Base</CfgParent>
        <Base>true</Base>
    </PropertyGroup>
    <PropertyGroup Condition="'$(Config)'=='Debug' or '$(Cfg_1)'!=''">
        <Cfg_1>true</Cfg_1>
        <CfgParent>Base</CfgParent>
        <Base>true</Base>
    </PropertyGroup>
    <PropertyGroup Condition="('$(Platform)'=='Win32' and '$(Cfg_1)'=='true') or '$(Cfg_1_Win32)'!=''">
        <Cfg_1_Win32>true</Cfg_1_Win32>
        <CfgParent>Cfg_1</CfgParent>
        <Cfg_1>true</Cfg_1>
        <Base>true</Base>
    </PropertyGroup>
    <PropertyGroup Condition="('$(Platform)'=='Win64' and '$(Cfg_1)'=='true') or '$(Cfg_1_Win64)'!=''">
        <Cfg_1_Win64>true</Cfg_1_Win64>
        <CfgParent>Cfg_1</CfgParent>
        <Cfg_1>true</Cfg_1>
        <Base>true</Base>
    </PropertyGroup>
    <PropertyGroup Condition="'$(Config)'=='DebugDiag' or '$(Cfg_3)'!=''">
        <Cfg_3>true</Cfg_3>
        <CfgParent>Cfg_1</CfgParent>
        <Cfg_1>true</Cfg_1>
        <Base>true</Base>
    </PropertyGroup>
    <PropertyGroup Condition="('$(Platform)'=='Win32' and '$(Cfg_3)'=='true') or '$(Cfg_3_Win32)'!=''">
        <Cfg_3_Win32>true</Cfg_3_Win32>
        <CfgParent>Cfg_3</CfgParent>
        <Cfg_3>true</Cfg_3>
        <Cfg_1>true</Cfg_1>
        <Base>true</Base>
    </PropertyGroup>
    <PropertyGroup Condition="'$(Config)'=='Release' or '$(Cfg_2)'!=''">
        <Cfg_2>true</Cfg_2>
        <CfgParent>Base</CfgParent>
        <Base>true</Base>
    </PropertyGroup>
    <PropertyGroup Condition="('$(Platform)'=='Win32' and '$(Cfg_2)'=='true') or '$(Cfg_2_Win32)'!=''">
        <Cfg_2_Win32>true</Cfg_2_Win32>
        <CfgParent>Cfg_2</CfgParent>
        <Cfg_2>true</Cfg_2>
        <Base>true</Base>
    </PropertyGroup>
    <PropertyGroup Condition="('$(Platform)'=='Win64' and '$(Cfg_2)'=='true') or '$(Cfg_2_Win64)'!=''">
        <Cfg_2_Win64>true</Cfg_2_Win64>
        <CfgParent>Cfg_2</CfgParent>
        <Cfg_2>true</Cfg_2>
        <Base>true</Base>
    </PropertyGroup>
    <PropertyGroup Condition="'$(Config)'=='ReleaseCodesign' or '$(Cfg_4)'!=''">
        <Cfg_4>true</Cfg_4>
        <CfgParent>Cfg_2</CfgParent>
        <Cfg_2>true</Cfg_2>
        <Base>true</Base>
    </PropertyGroup>
    <PropertyGroup Condition="('$(Platform)'=='Win32' and '$(Cfg_4)'=='true') or '$(Cfg_4_Win32)'!=''">
        <Cfg_4_Win32>true</Cfg_4_Win32>
        <CfgParent>Cfg_4</CfgParent>
        <Cfg_4>true</Cfg_4>
        <Cfg_2>true</Cfg_2>
        <Base>true</Base>
    </PropertyGroup>
    <PropertyGroup Condition="('$(Platform)'=='Win64' and '$(Cfg_4)'=='true') or '$(Cfg_4_Win64)'!=''">
        <Cfg_4_Win64>true</Cfg_4_Win64>
        <CfgParent>Cfg_4</CfgParent>
        <Cfg_4>true</Cfg_4>
        <Cfg_2>true</Cfg_2>
        <Base>true</Base>
    </PropertyGroup>
    <PropertyGroup Condition="'$(Base)'!=''">
        <VerInfo_IncludeVerInfo>true</VerInfo_IncludeVerInfo>
        <Icon_MainIcon>SSDOptimizer_Icon.ico</Icon_MainIcon>
        <VerInfo_Locale>1042</VerInfo_Locale>
        <Manifest_File>GetAdmin.manifest</Manifest_File>
        <VerInfo_Keys>CompanyName=Naraeon;FileDescription=Naraeon SSD Tools;FileVersion=1.0.0.0;InternalName=;LegalCopyright=;LegalTrademarks=;OriginalFilename=;ProductName=;ProductVersion=1.0.0.0</VerInfo_Keys>
        <SanitizedProjectName>SSDTools</SanitizedProjectName>
        <DCC_UsePackage>bindcompfmx;fmx;rtl;dbrtl;IndySystem;DbxClientDriver;bindcomp;inetdb;DBXInterBaseDriver;DataSnapClient;DataSnapCommon;DataSnapServer;DataSnapProviderClient;xmlrtl;DbxCommonDriver;IndyProtocols;DBXMySQLDriver;dbxcds;bindengine;DBXOracleDriver;dsnap;DBXInformixDriver;IndyCore;fmxase;DBXFirebirdDriver;inet;fmxobj;inetdbxpress;DBXSybaseASADriver;fmxdae;dbexpress;DataSnapIndy10ServerTransport;IPIndyImpl;$(DCC_UsePackage)</DCC_UsePackage>
        <DCC_Namespace>System;Xml;Data;Datasnap;Web;Soap;Vcl;Vcl.Imaging;Vcl.Touch;Vcl.Samples;Vcl.Shell;$(DCC_Namespace)</DCC_Namespace>
        <DCC_DcuOutput>.\$(Platform)\$(Config)</DCC_DcuOutput>
        <DCC_ExeOutput>.\$(Platform)\$(Config)</DCC_ExeOutput>
        <DCC_E>false</DCC_E>
        <DCC_N>false</DCC_N>
        <DCC_S>false</DCC_S>
        <DCC_F>false</DCC_F>
        <DCC_K>false</DCC_K>
    </PropertyGroup>
    <PropertyGroup Condition="'$(Base_Win32)'!=''">
        <DCC_DebugDCUs>false</DCC_DebugDCUs>
        <DCC_UsePackage>vcldbx;vclib;inetdbbde;DBXOdbcDriver;svnui;ibxpress;DBXSybaseASEDriver;vclimg;fmi;vclactnband;vcldb;vcldsnap;bindcompvcl;vclie;vcltouch;DBXDb2Driver;vclribbon;VclSmp;vcl;DataSnapConnectors;CloudService;DBXMSSQLDriver;dsnapcon;vclx;svn;bdertl;adortl;$(DCC_UsePackage)</DCC_UsePackage>
        <DCC_Namespace>Winapi;System.Win;Data.Win;Datasnap.Win;Web.Win;Soap.Win;Xml.Win;Bde;$(DCC_Namespace)</DCC_Namespace>
        <VerInfo_Locale>1033</VerInfo_Locale>
        <VerInfo_Keys>CompanyName=;FileDescription=;FileVersion=1.0.0.0;InternalName=;LegalCopyright=;LegalTrademarks=;OriginalFilename=;ProductName=;ProductVersion=1.0.0.0;Comments=</VerInfo_Keys>
    </PropertyGroup>
    <PropertyGroup Condition="'$(Base_Win64)'!=''">
        <DCC_SYMBOL_PLATFORM>false</DCC_SYMBOL_PLATFORM>
        <DCC_DebugDCUs>false</DCC_DebugDCUs>
        <DCC_Namespace>Winapi;System.Win;Data.Win;Datasnap.Win;Web.Win;Soap.Win;Xml.Win;$(DCC_Namespace)</DCC_Namespace>
        <VerInfo_Keys>CompanyName=;FileDescription=;FileVersion=1.0.0.0;InternalName=;LegalCopyright=;LegalTrademarks=;OriginalFilename=;ProductName=;ProductVersion=1.0.0.0;Comments=</VerInfo_Keys>
        <VerInfo_Locale>1033</VerInfo_Locale>
        <DCC_UsePackage>DBXOdbcDriver;DBXSybaseASEDriver;vclimg;vclactnband;vcldb;vcldsnap;bindcompvcl;vclie;vcltouch;DBXDb2Driver;VclSmp;vcl;DBXMSSQLDriver;dsnapcon;vclx;$(DCC_UsePackage)</DCC_UsePackage>
    </PropertyGroup>
    <PropertyGroup Condition="'$(Cfg_1)'!=''">
        <DCC_MapFile>3</DCC_MapFile>
        <Manifest_File>$(BDS)\bin\default_app.manifest</Manifest_File>
        <DCC_ExeOutput>..\Exe\</DCC_ExeOutput>
        <DCC_Define>DEBUG;$(DCC_Define)</DCC_Define>
        <DCC_Optimize>false</DCC_Optimize>
        <DCC_GenerateStackFrames>true</DCC_GenerateStackFrames>
        <DCC_DebugInfoInExe>true</DCC_DebugInfoInExe>
        <DCC_RemoteDebug>true</DCC_RemoteDebug>
    </PropertyGroup>
    <PropertyGroup Condition="'$(Cfg_1_Win32)'!=''">
        <Manifest_File>GetAdmin.manifest</Manifest_File>
        <VerInfo_Keys>CompanyName=;FileDescription=;FileVersion=1.0.0.0;InternalName=;LegalCopyright=;LegalTrademarks=;OriginalFilename=;ProductName=;ProductVersion=1.0.0.0;Comments=</VerInfo_Keys>
        <DCC_UNIT_PLATFORM>false</DCC_UNIT_PLATFORM>
        <DCC_SYMBOL_PLATFORM>false</DCC_SYMBOL_PLATFORM>
        <VerInfo_Locale>1033</VerInfo_Locale>
    </PropertyGroup>
    <PropertyGroup Condition="'$(Cfg_1_Win64)'!=''">
        <VerInfo_Locale>1033</VerInfo_Locale>
        <VerInfo_Keys>CompanyName=;FileDescription=;FileVersion=1.0.0.0;InternalName=;LegalCopyright=;LegalTrademarks=;OriginalFilename=;ProductName=;ProductVersion=1.0.0.0;Comments=</VerInfo_Keys>
    </PropertyGroup>
    <PropertyGroup Condition="'$(Cfg_3_Win32)'!=''">
        <Debugger_RunParams>/diag</Debugger_RunParams>
    </PropertyGroup>
    <PropertyGroup Condition="'$(Cfg_2)'!=''">
        <PostBuildEventCancelOnError>false</PostBuildEventCancelOnError>
        <VerInfo_Release>3</VerInfo_Release>
        <VerInfo_Keys>CompanyName=Naraeon;FileDescription=Naraeon SSD Tools Main;FileVersion=5.0.3.0;InternalName=;LegalCopyright=;LegalTrademarks=;OriginalFilename=;ProductName=Naraeon SSD Tools;ProductVersion=5.0.3.0</VerInfo_Keys>
        <VerInfo_MajorVer>5</VerInfo_MajorVer>
        <PostBuildEventExecuteWhen>TargetOutOfDate</PostBuildEventExecuteWhen>
        <DCC_DebugDCUs>false</DCC_DebugDCUs>
        <DCC_ImportedDataReferences>false</DCC_ImportedDataReferences>
        <DCC_AssertionsAtRuntime>false</DCC_AssertionsAtRuntime>
        <DCC_ExeOutput>..\Exe\</DCC_ExeOutput>
        <DCC_LocalDebugSymbols>false</DCC_LocalDebugSymbols>
        <DCC_Define>RELEASE;$(DCC_Define)</DCC_Define>
        <DCC_SymbolReferenceInfo>0</DCC_SymbolReferenceInfo>
        <DCC_DebugInformation>0</DCC_DebugInformation>
    </PropertyGroup>
    <PropertyGroup Condition="'$(Cfg_2_Win32)'!=''">
        <VerInfo_MinorVer>1</VerInfo_MinorVer>
        <DCC_MapFile>3</DCC_MapFile>
        <VerInfo_Release>2</VerInfo_Release>
        <VerInfo_Keys>CompanyName=Naraeon;FileDescription=Naraeon SSD Tools;FileVersion=5.1.2.0;InternalName=;LegalCopyright=;LegalTrademarks=;OriginalFilename=;ProductName=;ProductVersion=5.0.0.0;Comments=</VerInfo_Keys>
        <DCC_DebugDCUs>false</DCC_DebugDCUs>
        <DCC_UNIT_PLATFORM>false</DCC_UNIT_PLATFORM>
        <DCC_SYMBOL_PLATFORM>false</DCC_SYMBOL_PLATFORM>
        <VerInfo_Locale>1033</VerInfo_Locale>
    </PropertyGroup>
    <PropertyGroup Condition="'$(Cfg_2_Win64)'!=''">
        <VerInfo_MajorVer>1</VerInfo_MajorVer>
        <VerInfo_Release>0</VerInfo_Release>
        <VerInfo_Locale>1033</VerInfo_Locale>
        <DCC_DebugDCUs>false</DCC_DebugDCUs>
        <VerInfo_Keys>CompanyName=Naraeon;FileDescription=Naraeon SSD Tools;FileVersion=1.0.0.0;InternalName=;LegalCopyright=;LegalTrademarks=;OriginalFilename=;ProductName=;ProductVersion=1.0.0.0;Comments=</VerInfo_Keys>
    </PropertyGroup>
    <PropertyGroup Condition="'$(Cfg_4)'!=''">
        <PostBuildEvent><![CDATA[signtool sign /a /fd sha256 /tr http://timestamp.comodoca.com/authenticode "$(OUTPUTPATH)"
$(PostBuildEvent)]]></PostBuildEvent>
        <PostBuildEventCancelOnError>true</PostBuildEventCancelOnError>
        <Manifest_File>$(BDS)\bin\default_app.manifest</Manifest_File>
    </PropertyGroup>
    <PropertyGroup Condition="'$(Cfg_4_Win32)'!=''">
        <VerInfo_Release>6</VerInfo_Release>
        <Manifest_File>GetAdmin.manifest</Manifest_File>
        <VerInfo_MinorVer>1</VerInfo_MinorVer>
        <VerInfo_Keys>CompanyName=Naraeon;FileDescription=Naraeon SSD Tools;FileVersion=5.1.6.0;InternalName=;LegalCopyright=;LegalTrademarks=;OriginalFilename=;ProductName=;ProductVersion=5.0.0.0;Comments=</VerInfo_Keys>
        <VerInfo_Locale>1033</VerInfo_Locale>
    </PropertyGroup>
    <PropertyGroup Condition="'$(Cfg_4_Win64)'!=''">
        <Manifest_File>GetAdmin.manifest</Manifest_File>
        <VerInfo_Locale>1033</VerInfo_Locale>
        <VerInfo_Release>0</VerInfo_Release>
        <VerInfo_MajorVer>1</VerInfo_MajorVer>
        <VerInfo_Keys>CompanyName=Naraeon;FileDescription=Naraeon SSD Tools;FileVersion=1.0.0.0;InternalName=;LegalCopyright=;LegalTrademarks=;OriginalFilename=;ProductName=;ProductVersion=1.0.0.0;Comments=</VerInfo_Keys>
    </PropertyGroup>
    <ItemGroup>
        <DelphiCompile Include="$(MainSource)">
            <MainSource>MainSource</MainSource>
        </DelphiCompile>
        <DCCReference Include="Resource\Global.LanguageString.pas"/>
        <DCCReference Include="Resource\Global.Constant.pas"/>
        <DCCReference Include="Modules\AsciiCheck.pas"/>
        <DCCReference Include="Support\Support.pas"/>
        <DCCReference Include="Modules\Version.pas"/>
        <DCCReference Include="Objects\Getter.WebPath.pas"/>
        <DCCReference Include="ExternProgram\Extern.SevenZip.pas"/>
        <DCCReference Include="Objects\TrimList.pas"/>
        <DCCReference Include="ExternProgram\Extern.Rufus.pas"/>
        <DCCReference Include="Objects\OS.EnvironmentVariable.pas"/>
        <DCCReference Include="Objects\SemiAutoTrimmer.pas"/>
        <DCCReference Include="Objects\PrerequisiteChecker.pas"/>
        <DCCReference Include="WindowsFileAPI\Device.PhysicalDrive.Bus.pas"/>
        <DCCReference Include="Objects\Device.SMART.List.pas"/>
        <DCCReference Include="Objects\Partition.pas"/>
        <DCCReference Include="Objects\Registry.Helper.Internal.pas"/>
        <DCCReference Include="WindowsFileAPI\Getter.PhysicalDrive.DiskGeometry.pas"/>
        <DCCReference Include="WindowsFileAPI\Getter.PhysicalDrive.DriveAvailability.pas"/>
        <DCCReference Include="WindowsFileAPI\Getter.PhysicalDrive.PartitionList.pas"/>
        <DCCReference Include="Objects\Getter.LatestFirmware.pas"/>
        <DCCReference Include="WindowsFileAPI\Getter.PhysicalDrive.NCQAvailability.pas"/>
        <DCCReference Include="Objects\Thread.Update.Helper.pas"/>
        <DCCReference Include="Objects\Parameter.pas"/>
        <DCCReference Include="Form\Form.Alert.pas">
            <Form>fAlert</Form>
            <FormType>dfm</FormType>
        </DCCReference>
        <DCCReference Include="Form\Form.Browser.pas">
            <Form>fBrowser</Form>
            <FormType>dfm</FormType>
        </DCCReference>
        <DCCReference Include="Form\Form.Main.pas">
            <Form>fMain</Form>
            <FormType>dfm</FormType>
        </DCCReference>
        <DCCReference Include="Form\Form.Message.pas">
            <Form>fMessage</Form>
            <FormType>dfm</FormType>
        </DCCReference>
        <DCCReference Include="WindowsFileAPI\Getter.TrimBasics.pas"/>
        <DCCReference Include="WindowsFileAPI\Getter.TrimBasics.NTFS.pas"/>
        <DCCReference Include="WindowsFileAPI\Getter.TrimBasics.FAT.pas"/>
        <DCCReference Include="WindowsFileAPI\Getter.TrimBasics.Factory.pas"/>
        <DCCReference Include="Support\Support.Sandforce.pas"/>
        <DCCReference Include="Support\Support.Sandforce.Toshiba.pas"/>
        <DCCReference Include="Support\Support.Sandforce.Hynix.pas"/>
        <DCCReference Include="Support\Support.Sandforce.OCZ.pas"/>
        <DCCReference Include="Support\Support.Sandforce.Patriot.pas"/>
        <DCCReference Include="Support\Support.Sandforce.MachXtreme.pas"/>
        <DCCReference Include="Objects\OS.MutexManager.pas"/>
        <DCCReference Include="Objects\OS.ServiceController.pas"/>
        <DCCReference Include="Objects\IdentifyDiagnosis.pas"/>
        <DCCReference Include="Support\Support.Crucial.pas"/>
        <DCCReference Include="Support\Support.Liteon.pas"/>
        <DCCReference Include="Support\Support.MachXtreme.pas"/>
        <DCCReference Include="Support\Support.Plextor.pas"/>
        <DCCReference Include="Support\Support.Samsung.pas"/>
        <DCCReference Include="Support\Support.Sandisk.pas"/>
        <DCCReference Include="Support\Support.Seagate.pas"/>
        <DCCReference Include="Support\Support.Toshiba.pas"/>
        <DCCReference Include="Support\Support.Phison.pas"/>
        <DCCReference Include="WindowsFileAPI\Getter.PhysicalDrive.ListChange.pas"/>
        <DCCReference Include="Objects\Thread.Download.Helper.pas"/>
        <DCCReference Include="Objects\Downloader.Firmware.pas"/>
        <DCCReference Include="Modules\OS.Codesign.pas"/>
        <DCCReference Include="Modules\OS.DeleteDirectory.pas"/>
        <DCCReference Include="Objects\OS.ProcessOpener.pas"/>
        <DCCReference Include="Modules\OS.PlugAndPlay.pas"/>
        <DCCReference Include="Objects\Registry.Helper.pas"/>
        <DCCReference Include="WindowsFileAPI\Getter.VolumeLabel.pas"/>
        <DCCReference Include="Support\Support.Sandforce.ADATA.pas"/>
        <DCCReference Include="Support\Support.ADATA.pas"/>
        <DCCReference Include="Support\Support.Factory.pas"/>
        <DCCReference Include="Modules\OS.Version.Helper.pas"/>
        <DCCReference Include="WindowsFileAPI\OS.SecurityDescriptor.pas"/>
        <DCCReference Include="Modules\MeasureUnit.DataSize.pas"/>
        <DCCReference Include="Modules\MeasureUnit.Time.pas"/>
        <DCCReference Include="Objects\Getter.OS.Version.pas"/>
        <DCCReference Include="Objects\Device.PhysicalDrive.pas"/>
        <DCCReference Include="WindowsFileAPI\Device.PhysicalDrive.OS.pas"/>
        <DCCReference Include="Objects\Web.HTTP.pas"/>
        <DCCReference Include="Objects\Web.HTTPS.pas"/>
        <DCCReference Include="Objects\Web.pas"/>
        <DCCReference Include="Objects\Optimizer.Defrag.pas"/>
        <DCCReference Include="Objects\Optimizer.Hibernation.pas"/>
        <DCCReference Include="Objects\Optimizer.Indexer.pas"/>
        <DCCReference Include="Objects\Optimizer.LastAccess.pas"/>
        <DCCReference Include="Objects\Optimizer.pas"/>
        <DCCReference Include="Objects\Optimizer.Prefetch.pas"/>
        <DCCReference Include="Objects\Optimizer.SystemRestore.pas"/>
        <DCCReference Include="Objects\Optimizer.Template.pas"/>
        <DCCReference Include="View\Component.ButtonGroup.pas"/>
        <DCCReference Include="View\Component.ProgressSection.pas"/>
        <DCCReference Include="View\Component.SSDLabel.List.pas"/>
        <DCCReference Include="View\Component.SSDLabel.pas"/>
        <DCCReference Include="View\Component.UAWebbrowser.pas"/>
        <DCCReference Include="View\Initializer.Locale.pas"/>
        <DCCReference Include="View\Initializer.Mainpart.pas"/>
        <DCCReference Include="View\Initializer.PartitionAlign.pas"/>
        <DCCReference Include="View\Initializer.pas"/>
        <DCCReference Include="View\Initializer.PhysicalDrive.pas"/>
        <DCCReference Include="View\Initializer.ReplacedSector.pas"/>
        <DCCReference Include="View\Initializer.SMART.pas"/>
        <DCCReference Include="View\Initializer.SSDLabelListRefresh.pas"/>
        <DCCReference Include="View\Initializer.TotalWrite.pas"/>
        <DCCReference Include="View\ThreadToView.Trim.pas"/>
        <DCCReference Include="Objects\AverageLogger.Count.pas"/>
        <DCCReference Include="Objects\AverageLogger.pas"/>
        <DCCReference Include="Objects\AverageLogger.Write.pas"/>
        <DCCReference Include="Objects\Thread.Download.pas"/>
        <DCCReference Include="Objects\Thread.Trim.pas"/>
        <DCCReference Include="Objects\Thread.Update.pas"/>
        <DCCReference Include="WindowsFileAPI\BufferInterpreter.ATA.pas"/>
        <DCCReference Include="WindowsFileAPI\BufferInterpreter.NVMe.Intel.pas"/>
        <DCCReference Include="WindowsFileAPI\BufferInterpreter.NVMe.pas"/>
        <DCCReference Include="WindowsFileAPI\BufferInterpreter.pas"/>
        <DCCReference Include="WindowsFileAPI\CommandSet.NVMe.Intel.pas"/>
        <DCCReference Include="WindowsFileAPI\CommandSet.NVMe.Intel.PortPart.pas"/>
        <DCCReference Include="WindowsFileAPI\CommandSet.NVMe.pas"/>
        <DCCReference Include="WindowsFileAPI\CommandSet.NVMe.Samsung.pas"/>
        <DCCReference Include="Objects\Getter.SCSIAddress.pas"/>
        <DCCReference Include="Support\Support.NVMe.Samsung.pas"/>
        <DCCReference Include="Support\Support.NVMe.Intel.pas"/>
        <DCCReference Include="Modules\OS.SetupAPI.pas"/>
        <DCCReference Include="Objects\Getter.SlotSpeed.pas"/>
        <DCCReference Include="Objects\Getter.SlotSpeedByDeviceID.pas"/>
        <DCCReference Include="WindowsFileAPI\Getter.PhysicalDriveList.Auto.pas"/>
        <DCCReference Include="WindowsFileAPI\Getter.PhysicalDriveList.BruteForce.pas"/>
        <DCCReference Include="WindowsFileAPI\Getter.PhysicalDriveList.pas"/>
        <DCCReference Include="WindowsFileAPI\Getter.PhysicalDriveList.WMI.pas"/>
        <DCCReference Include="WindowsFileAPI\Device.PhysicalDrive.List.pas"/>
        <DCCReference Include="WindowsFileAPI\CommandSet.Factory.pas"/>
        <DCCReference Include="WindowsFileAPI\CommandSet.pas"/>
        <DCCReference Include="WindowsFileAPI\CommandSet.ATA.Legacy.pas"/>
        <DCCReference Include="WindowsFileAPI\CommandSet.ATA.pas"/>
        <DCCReference Include="WindowsFileAPI\CommandSet.SAT.pas"/>
        <DCCReference Include="WindowsFileAPI\Getter.DriveList.pas"/>
        <DCCReference Include="WindowsFileAPI\OSFile.Handle.pas"/>
        <DCCReference Include="WindowsFileAPI\OSFile.Interfaced.pas"/>
        <DCCReference Include="WindowsFileAPI\OSFile.IoControl.pas"/>
        <DCCReference Include="WindowsFileAPI\OSFile.pas"/>
        <DCCReference Include="WindowsFileAPI\Getter.DriveList.Fixed.pas"/>
        <DCCReference Include="WindowsFileAPI\Getter.DriveList.Removable.pas"/>
        <DCCReference Include="Modules\Device.SlotSpeed.pas"/>
        <DCCReference Include="Objects\Getter.CodesignVerifier.Publisher.pas"/>
        <DCCReference Include="Objects\Getter.CodesignVerifier.pas"/>
        <DCCReference Include="Objects\Thread.Trim.Helper.Device.pas"/>
        <DCCReference Include="Objects\Thread.Trim.Helper.List.pas"/>
        <DCCReference Include="WindowsFileAPI\Getter.PartitionExtent.pas"/>
        <DCCReference Include="WindowsFileAPI\Getter.VolumeBitmap.pas"/>
        <DCCReference Include="WindowsFileAPI\Getter.DeviceDriver.pas"/>
        <DCCReference Include="View\Initializer.CriticalWarning.pas"/>
        <DCCReference Include="WindowsFileAPI\CommandSet.NVMe.WithoutDriver.pas"/>
        <DCCReference Include="WindowsFileAPI\BufferInterpreter.SCSI.pas"/>
        <DCCReference Include="Objects\Thread.Trim.Helper.Partition.OS.pas"/>
        <DCCReference Include="Objects\Thread.Trim.Helper.Partition.pas"/>
        <DCCReference Include="Objects\Thread.Trim.Helper.Partition.Direct.pas"/>
        <DCCReference Include="Resource\Global.HelpPage.pas"/>
        <DCCReference Include="WindowsFileAPI\WMI.pas"/>
        <DCCReference Include="WindowsFileAPI\OSFile.ForInternal.pas"/>
        <DCCReference Include="Objects\Optimizer.P2P.pas"/>
        <BuildConfiguration Include="Release">
            <Key>Cfg_2</Key>
            <CfgParent>Base</CfgParent>
        </BuildConfiguration>
        <BuildConfiguration Include="ReleaseCodesign">
            <Key>Cfg_4</Key>
            <CfgParent>Cfg_2</CfgParent>
        </BuildConfiguration>
        <BuildConfiguration Include="DebugDiag">
            <Key>Cfg_3</Key>
            <CfgParent>Cfg_1</CfgParent>
        </BuildConfiguration>
        <BuildConfiguration Include="Base">
            <Key>Base</Key>
        </BuildConfiguration>
        <BuildConfiguration Include="Debug">
            <Key>Cfg_1</Key>
            <CfgParent>Base</CfgParent>
        </BuildConfiguration>
    </ItemGroup>
    <ProjectExtensions>
        <Borland.Personality>Delphi.Personality.12</Borland.Personality>
        <Borland.ProjectType/>
        <BorlandProject>
            <Delphi.Personality>
                <VersionInfo>
                    <VersionInfo Name="IncludeVerInfo">False</VersionInfo>
                    <VersionInfo Name="AutoIncBuild">False</VersionInfo>
                    <VersionInfo Name="MajorVer">1</VersionInfo>
                    <VersionInfo Name="MinorVer">0</VersionInfo>
                    <VersionInfo Name="Release">0</VersionInfo>
                    <VersionInfo Name="Build">0</VersionInfo>
                    <VersionInfo Name="Debug">False</VersionInfo>
                    <VersionInfo Name="PreRelease">False</VersionInfo>
                    <VersionInfo Name="Special">False</VersionInfo>
                    <VersionInfo Name="Private">False</VersionInfo>
                    <VersionInfo Name="DLL">False</VersionInfo>
                    <VersionInfo Name="Locale">1042</VersionInfo>
                    <VersionInfo Name="CodePage">949</VersionInfo>
                </VersionInfo>
                <VersionInfoKeys>
                    <VersionInfoKeys Name="CompanyName"/>
                    <VersionInfoKeys Name="FileDescription"/>
                    <VersionInfoKeys Name="FileVersion">1.0.0.0</VersionInfoKeys>
                    <VersionInfoKeys Name="InternalName"/>
                    <VersionInfoKeys Name="LegalCopyright"/>
                    <VersionInfoKeys Name="LegalTrademarks"/>
                    <VersionInfoKeys Name="OriginalFilename"/>
                    <VersionInfoKeys Name="ProductName"/>
                    <VersionInfoKeys Name="ProductVersion">1.0.0.0</VersionInfoKeys>
                    <VersionInfoKeys Name="Comments"/>
                </VersionInfoKeys>
                <Source>
                    <Source Name="MainSource">SSDTools.dpr</Source>
                </Source>
                <Excluded_Packages>
                    <Excluded_Packages Name="$(BDSBIN)\dcloffice2k210.bpl">Microsoft Office 2000 Sample Automation Server Wrapper Components</Excluded_Packages>
                    <Excluded_Packages Name="$(BDSBIN)\dclofficexp210.bpl">Microsoft Office XP Sample Automation Server Wrapper Components</Excluded_Packages>
                </Excluded_Packages>
            </Delphi.Personality>
            <Deployment>
                <DeployFile LocalName="C:\Program Files (x86)\Naraeon\SSDTools\SSDTools.exe" Configuration="Debug" Class="ProjectOutput">
                    <Platform Name="Win32">
                        <RemoteName>SSDTools.exe</RemoteName>
                        <Overwrite>true</Overwrite>
                    </Platform>
                </DeployFile>
                <DeployFile LocalName="..\Exe\SSDTools.exe" Configuration="Debug" Class="ProjectOutput">
                    <Platform Name="Win64">
                        <RemoteName>SSDTools.exe</RemoteName>
                        <Overwrite>true</Overwrite>
                    </Platform>
                </DeployFile>
                <DeployFile LocalName="..\Exe\SSDTools.exe" Configuration="Release" Class="ProjectOutput">
                    <Platform Name="Win32">
                        <RemoteName>SSDTools.exe</RemoteName>
                        <Overwrite>true</Overwrite>
                    </Platform>
                </DeployFile>
                <DeployFile LocalName="..\Exe\SSDTools.rsm" Configuration="Debug" Class="DebugSymbols">
                    <Platform Name="Win32">
                        <RemoteName>SSDTools.rsm</RemoteName>
                        <Overwrite>true</Overwrite>
                    </Platform>
                </DeployFile>
                <DeployFile LocalName="..\Exe\SSDTools.exe" Configuration="Debug" Class="ProjectOutput">
                    <Platform Name="Win32">
                        <RemoteName>SSDTools.exe</RemoteName>
                        <Overwrite>true</Overwrite>
                    </Platform>
                </DeployFile>
                <DeployFile LocalName="..\Exe\SSDTools.exe" Configuration="ReleaseCodesign" Class="ProjectOutput">
                    <Platform Name="Win32">
                        <RemoteName>SSDTools.exe</RemoteName>
                        <Overwrite>true</Overwrite>
                    </Platform>
                </DeployFile>
                <DeployClass Required="true" Name="DependencyPackage">
                    <Platform Name="iOSDevice">
                        <Operation>1</Operation>
                        <Extensions>.dylib</Extensions>
                    </Platform>
                    <Platform Name="Win32">
                        <Operation>0</Operation>
                        <Extensions>.bpl</Extensions>
                    </Platform>
                    <Platform Name="OSX32">
                        <RemoteDir>Contents\MacOS</RemoteDir>
                        <Operation>1</Operation>
                        <Extensions>.dylib</Extensions>
                    </Platform>
                    <Platform Name="iOSSimulator">
                        <Operation>1</Operation>
                        <Extensions>.dylib</Extensions>
                    </Platform>
                </DeployClass>
                <DeployClass Name="DependencyModule">
                    <Platform Name="iOSDevice">
                        <Operation>1</Operation>
                        <Extensions>.dylib</Extensions>
                    </Platform>
                    <Platform Name="Win32">
                        <Operation>0</Operation>
                        <Extensions>.dll;.bpl</Extensions>
                    </Platform>
                    <Platform Name="OSX32">
                        <RemoteDir>Contents\MacOS</RemoteDir>
                        <Operation>1</Operation>
                        <Extensions>.dylib</Extensions>
                    </Platform>
                    <Platform Name="iOSSimulator">
                        <Operation>1</Operation>
                        <Extensions>.dylib</Extensions>
                    </Platform>
                </DeployClass>
                <DeployClass Name="iPad_Launch2048">
                    <Platform Name="iOSDevice">
                        <Operation>1</Operation>
                    </Platform>
                    <Platform Name="iOSSimulator">
                        <Operation>1</Operation>
                    </Platform>
                </DeployClass>
                <DeployClass Name="ProjectOSXInfoPList">
                    <Platform Name="OSX32">
                        <RemoteDir>Contents</RemoteDir>
                        <Operation>1</Operation>
                    </Platform>
                </DeployClass>
                <DeployClass Name="ProjectiOSDeviceDebug">
                    <Platform Name="iOSDevice">
                        <RemoteDir>..\$(PROJECTNAME).app.dSYM\Contents\Resources\DWARF</RemoteDir>
                        <Operation>1</Operation>
                    </Platform>
                </DeployClass>
                <DeployClass Name="Android_SplashImage470">
                    <Platform Name="Android">
                        <RemoteDir>res\drawable-normal</RemoteDir>
                        <Operation>1</Operation>
                    </Platform>
                </DeployClass>
                <DeployClass Name="AndroidLibnativeX86File">
                    <Platform Name="Android">
                        <RemoteDir>library\lib\x86</RemoteDir>
                        <Operation>1</Operation>
                    </Platform>
                </DeployClass>
                <DeployClass Name="ProjectiOSResource">
                    <Platform Name="iOSDevice">
                        <Operation>1</Operation>
                    </Platform>
                    <Platform Name="iOSSimulator">
                        <Operation>1</Operation>
                    </Platform>
                </DeployClass>
                <DeployClass Name="ProjectOSXEntitlements">
                    <Platform Name="OSX32">
                        <RemoteDir>../</RemoteDir>
                        <Operation>1</Operation>
                    </Platform>
                </DeployClass>
                <DeployClass Name="AndroidGDBServer">
                    <Platform Name="Android">
                        <RemoteDir>library\lib\armeabi-v7a</RemoteDir>
                        <Operation>1</Operation>
                    </Platform>
                </DeployClass>
                <DeployClass Name="iPhone_Launch640">
                    <Platform Name="iOSDevice">
                        <Operation>1</Operation>
                    </Platform>
                    <Platform Name="iOSSimulator">
                        <Operation>1</Operation>
                    </Platform>
                </DeployClass>
                <DeployClass Name="Android_SplashImage960">
                    <Platform Name="Android">
                        <RemoteDir>res\drawable-xlarge</RemoteDir>
                        <Operation>1</Operation>
                    </Platform>
                </DeployClass>
                <DeployClass Name="Android_LauncherIcon96">
                    <Platform Name="Android">
                        <RemoteDir>res\drawable-xhdpi</RemoteDir>
                        <Operation>1</Operation>
                    </Platform>
                </DeployClass>
                <DeployClass Name="iPhone_Launch320">
                    <Platform Name="iOSDevice">
                        <Operation>1</Operation>
                    </Platform>
                    <Platform Name="iOSSimulator">
                        <Operation>1</Operation>
                    </Platform>
                </DeployClass>
                <DeployClass Name="Android_LauncherIcon144">
                    <Platform Name="Android">
                        <RemoteDir>res\drawable-xxhdpi</RemoteDir>
                        <Operation>1</Operation>
                    </Platform>
                </DeployClass>
                <DeployClass Name="AndroidLibnativeMipsFile">
                    <Platform Name="Android">
                        <RemoteDir>library\lib\mips</RemoteDir>
                        <Operation>1</Operation>
                    </Platform>
                </DeployClass>
                <DeployClass Name="AndroidSplashImageDef">
                    <Platform Name="Android">
                        <RemoteDir>res\drawable</RemoteDir>
                        <Operation>1</Operation>
                    </Platform>
                </DeployClass>
                <DeployClass Name="DebugSymbols">
                    <Platform Name="OSX32">
                        <RemoteDir>Contents\MacOS</RemoteDir>
                        <Operation>1</Operation>
                    </Platform>
                    <Platform Name="iOSSimulator">
                        <Operation>1</Operation>
                    </Platform>
                    <Platform Name="Win32">
                        <Operation>0</Operation>
                    </Platform>
                </DeployClass>
                <DeployClass Name="DependencyFramework">
                    <Platform Name="OSX32">
                        <RemoteDir>Contents\MacOS</RemoteDir>
                        <Operation>1</Operation>
                        <Extensions>.framework</Extensions>
                    </Platform>
                    <Platform Name="Win32">
                        <Operation>0</Operation>
                    </Platform>
                </DeployClass>
                <DeployClass Name="Android_SplashImage426">
                    <Platform Name="Android">
                        <RemoteDir>res\drawable-small</RemoteDir>
                        <Operation>1</Operation>
                    </Platform>
                </DeployClass>
                <DeployClass Name="ProjectiOSEntitlements">
                    <Platform Name="iOSDevice">
                        <RemoteDir>../</RemoteDir>
                        <Operation>1</Operation>
                    </Platform>
                </DeployClass>
                <DeployClass Name="AdditionalDebugSymbols">
                    <Platform Name="OSX32">
                        <RemoteDir>Contents\MacOS</RemoteDir>
                        <Operation>1</Operation>
                    </Platform>
                    <Platform Name="iOSSimulator">
                        <Operation>1</Operation>
                    </Platform>
                    <Platform Name="Win32">
                        <RemoteDir>Contents\MacOS</RemoteDir>
                        <Operation>0</Operation>
                    </Platform>
                </DeployClass>
                <DeployClass Name="AndroidClassesDexFile">
                    <Platform Name="Android">
                        <RemoteDir>classes</RemoteDir>
                        <Operation>1</Operation>
                    </Platform>
                </DeployClass>
                <DeployClass Name="ProjectiOSInfoPList">
                    <Platform Name="iOSDevice">
                        <Operation>1</Operation>
                    </Platform>
                    <Platform Name="iOSSimulator">
                        <Operation>1</Operation>
                    </Platform>
                </DeployClass>
                <DeployClass Name="iPad_Launch1024">
                    <Platform Name="iOSDevice">
                        <Operation>1</Operation>
                    </Platform>
                    <Platform Name="iOSSimulator">
                        <Operation>1</Operation>
                    </Platform>
                </DeployClass>
                <DeployClass Name="Android_DefaultAppIcon">
                    <Platform Name="Android">
                        <RemoteDir>res\drawable</RemoteDir>
                        <Operation>1</Operation>
                    </Platform>
                </DeployClass>
                <DeployClass Name="ProjectOSXResource">
                    <Platform Name="OSX32">
                        <RemoteDir>Contents\Resources</RemoteDir>
                        <Operation>1</Operation>
                    </Platform>
                </DeployClass>
                <DeployClass Name="ProjectiOSDeviceResourceRules">
                    <Platform Name="iOSDevice">
                        <Operation>1</Operation>
                    </Platform>
                </DeployClass>
                <DeployClass Name="iPad_Launch768">
                    <Platform Name="iOSDevice">
                        <Operation>1</Operation>
                    </Platform>
                    <Platform Name="iOSSimulator">
                        <Operation>1</Operation>
                    </Platform>
                </DeployClass>
                <DeployClass Required="true" Name="ProjectOutput">
                    <Platform Name="iOSDevice">
                        <Operation>1</Operation>
                    </Platform>
                    <Platform Name="Android">
                        <RemoteDir>library\lib\armeabi-v7a</RemoteDir>
                        <Operation>1</Operation>
                    </Platform>
                    <Platform Name="Win32">
                        <Operation>0</Operation>
                    </Platform>
                    <Platform Name="OSX32">
                        <RemoteDir>Contents\MacOS</RemoteDir>
                        <Operation>1</Operation>
                    </Platform>
                    <Platform Name="iOSSimulator">
                        <Operation>1</Operation>
                    </Platform>
                </DeployClass>
                <DeployClass Name="AndroidLibnativeArmeabiFile">
                    <Platform Name="Android">
                        <RemoteDir>library\lib\armeabi</RemoteDir>
                        <Operation>1</Operation>
                    </Platform>
                </DeployClass>
                <DeployClass Name="Android_SplashImage640">
                    <Platform Name="Android">
                        <RemoteDir>res\drawable-large</RemoteDir>
                        <Operation>1</Operation>
                    </Platform>
                </DeployClass>
                <DeployClass Name="File">
                    <Platform Name="iOSDevice">
                        <Operation>0</Operation>
                    </Platform>
                    <Platform Name="Android">
                        <Operation>0</Operation>
                    </Platform>
                    <Platform Name="Win32">
                        <Operation>0</Operation>
                    </Platform>
                    <Platform Name="OSX32">
                        <RemoteDir>Contents\MacOS</RemoteDir>
                        <Operation>0</Operation>
                    </Platform>
                    <Platform Name="iOSSimulator">
                        <Operation>0</Operation>
                    </Platform>
                </DeployClass>
                <DeployClass Name="iPhone_Launch640x1136">
                    <Platform Name="iOSDevice">
                        <Operation>1</Operation>
                    </Platform>
                    <Platform Name="iOSSimulator">
                        <Operation>1</Operation>
                    </Platform>
                </DeployClass>
                <DeployClass Name="Android_LauncherIcon36">
                    <Platform Name="Android">
                        <RemoteDir>res\drawable-ldpi</RemoteDir>
                        <Operation>1</Operation>
                    </Platform>
                </DeployClass>
                <DeployClass Name="AndroidSplashStyles">
                    <Platform Name="Android">
                        <RemoteDir>res\values</RemoteDir>
                        <Operation>1</Operation>
                    </Platform>
                </DeployClass>
                <DeployClass Name="iPad_Launch1536">
                    <Platform Name="iOSDevice">
                        <Operation>1</Operation>
                    </Platform>
                    <Platform Name="iOSSimulator">
                        <Operation>1</Operation>
                    </Platform>
                </DeployClass>
                <DeployClass Name="Android_LauncherIcon48">
                    <Platform Name="Android">
                        <RemoteDir>res\drawable-mdpi</RemoteDir>
                        <Operation>1</Operation>
                    </Platform>
                </DeployClass>
                <DeployClass Name="Android_LauncherIcon72">
                    <Platform Name="Android">
                        <RemoteDir>res\drawable-hdpi</RemoteDir>
                        <Operation>1</Operation>
                    </Platform>
                </DeployClass>
                <DeployClass Name="ProjectAndroidManifest">
                    <Platform Name="Android">
                        <Operation>1</Operation>
                    </Platform>
                </DeployClass>
                <ProjectRoot Platform="Android" Name="$(PROJECTNAME)"/>
                <ProjectRoot Platform="iOSDevice" Name="$(PROJECTNAME).app"/>
                <ProjectRoot Platform="Win32" Name="$(PROJECTNAME)"/>
                <ProjectRoot Platform="OSX32" Name="$(PROJECTNAME).app"/>
                <ProjectRoot Platform="iOSSimulator" Name="$(PROJECTNAME).app"/>
                <ProjectRoot Platform="Win64" Name="$(PROJECTNAME)"/>
            </Deployment>
            <Platforms>
                <Platform value="Win32">True</Platform>
                <Platform value="Win64">True</Platform>
            </Platforms>
            <ModelSupport>False</ModelSupport>
        </BorlandProject>
        <ProjectFileVersion>12</ProjectFileVersion>
    </ProjectExtensions>
    <Import Condition="Exists('$(BDS)\Bin\CodeGear.Delphi.Targets')" Project="$(BDS)\Bin\CodeGear.Delphi.Targets"/>
    <Import Condition="Exists('$(APPDATA)\Embarcadero\$(BDSAPPDATABASEDIR)\$(PRODUCTVERSION)\UserTools.proj')" Project="$(APPDATA)\Embarcadero\$(BDSAPPDATABASEDIR)\$(PRODUCTVERSION)\UserTools.proj"/>
    <Import Project="$(MSBuildProjectName).deployproj" Condition="Exists('$(MSBuildProjectName).deployproj')"/>
    <PropertyGroup Condition="'$(Config)'=='ReleaseCodesign' And '$(Platform)'=='Win32'">
        <PreBuildEvent/>
        <PreBuildEventIgnoreExitCode>False</PreBuildEventIgnoreExitCode>
        <PreLinkEvent/>
        <PreLinkEventIgnoreExitCode>False</PreLinkEventIgnoreExitCode>
        <PostBuildEvent>signtool sign /a /fd sha256 /tr http://timestamp.comodoca.com/authenticode &quot;$(OUTPUTPATH)&quot;</PostBuildEvent>
        <PostBuildEventIgnoreExitCode>False</PostBuildEventIgnoreExitCode>
    </PropertyGroup>
    <PropertyGroup Condition="'$(Config)'=='ReleaseCodesign' And '$(Platform)'=='Win64'">
        <PreBuildEvent/>
        <PreBuildEventIgnoreExitCode>False</PreBuildEventIgnoreExitCode>
        <PreLinkEvent/>
        <PreLinkEventIgnoreExitCode>False</PreLinkEventIgnoreExitCode>
        <PostBuildEvent>signtool sign /a /fd sha256 /tr http://timestamp.comodoca.com/authenticode &quot;$(OUTPUTPATH)&quot;</PostBuildEvent>
        <PostBuildEventIgnoreExitCode>False</PostBuildEventIgnoreExitCode>
    </PropertyGroup>
</Project>
