<?xml version="1.0" encoding="utf-8"?>
<Project ToolsVersion="4.0" xmlns="http://schemas.microsoft.com/developer/msbuild/2003">
  <ItemGroup>
    <Filter Include="소스 파일">
      <UniqueIdentifier>{4FC737F1-C7A5-4376-A066-2A32D752A2FF}</UniqueIdentifier>
      <Extensions>cpp;c;cc;cxx;def;odl;idl;hpj;bat;asm;asmx</Extensions>
    </Filter>
    <Filter Include="헤더 파일">
      <UniqueIdentifier>{93995380-89BD-4b04-88EB-625FBE52EBFB}</UniqueIdentifier>
      <Extensions>h;hpp;hxx;hm;inl;inc;xsd</Extensions>
    </Filter>
    <Filter Include="리소스 파일">
      <UniqueIdentifier>{67DA6AB6-F800-4c08-8B7A-83BB121AAD01}</UniqueIdentifier>
      <Extensions>rc;ico;cur;bmp;dlg;rc2;rct;bin;rgs;gif;jpg;jpeg;jpe;resx;tiff;tif;png;wav;mfcribbon-ms</Extensions>
    </Filter>
    <Filter Include="헤더 파일\View">
      <UniqueIdentifier>{00f3d4a4-071a-4bae-839f-bae57ec2cd1b}</UniqueIdentifier>
    </Filter>
    <Filter Include="헤더 파일\App">
      <UniqueIdentifier>{e606d98b-f5f0-4826-95d3-c7ec9a1e6e6e}</UniqueIdentifier>
    </Filter>
    <Filter Include="소스 파일\App">
      <UniqueIdentifier>{b0d5f8e3-a11d-4c86-9542-ba7945042fc4}</UniqueIdentifier>
    </Filter>
    <Filter Include="소스 파일\View">
      <UniqueIdentifier>{469d9bdf-bd24-4b2d-8a8c-7b0d28c4aca3}</UniqueIdentifier>
    </Filter>
    <Filter Include="헤더 파일\View\Prototype">
      <UniqueIdentifier>{a5a948c4-dad7-4ad4-8d2e-96255c6301b3}</UniqueIdentifier>
    </Filter>
    <Filter Include="소스 파일\View\Prototype">
      <UniqueIdentifier>{4509811a-3e6d-4486-a5d3-201c8c9df83f}</UniqueIdentifier>
    </Filter>
  </ItemGroup>
  <ItemGroup>
    <None Include="res\NSTools5.ico">
      <Filter>리소스 파일</Filter>
    </None>
    <None Include="res\NSTools5.rc2">
      <Filter>리소스 파일</Filter>
    </None>
    <None Include="res\bitmap1.bmp">
      <Filter>리소스 파일</Filter>
    </None>
  </ItemGroup>
  <ItemGroup>
    <ClInclude Include="NSTViewMain.h">
      <Filter>헤더 파일\View</Filter>
    </ClInclude>
    <ClInclude Include="NSTools5.h">
      <Filter>헤더 파일\App</Filter>
    </ClInclude>
    <ClInclude Include="Resource.h">
      <Filter>헤더 파일\App</Filter>
    </ClInclude>
    <ClInclude Include="targetver.h">
      <Filter>헤더 파일\App</Filter>
    </ClInclude>
    <ClInclude Include="stdafx.h">
      <Filter>헤더 파일\App</Filter>
    </ClInclude>
    <ClInclude Include="NSTDialog.h">
      <Filter>헤더 파일\View\Prototype</Filter>
    </ClInclude>
  </ItemGroup>
  <ItemGroup>
    <ClCompile Include="NSTools5.cpp">
      <Filter>소스 파일\App</Filter>
    </ClCompile>
    <ClCompile Include="stdafx.cpp">
      <Filter>소스 파일\App</Filter>
    </ClCompile>
    <ClCompile Include="NSTViewMain.cpp">
      <Filter>소스 파일\View</Filter>
    </ClCompile>
    <ClCompile Include="NSTDialog.cpp">
      <Filter>소스 파일\View\Prototype</Filter>
    </ClCompile>
  </ItemGroup>
  <ItemGroup>
    <ResourceCompile Include="NSTools5.rc">
      <Filter>리소스 파일</Filter>
    </ResourceCompile>
  </ItemGroup>
</Project>